
Microsoft Visual Studio Solution File, Format Version 12.00
# Visual Studio Version 16
VisualStudioVersion = 16.0.30114.105
MinimumVisualStudioVersion = 10.0.40219.1
Project("{FAE04EC0-301F-11D3-BF4B-00C04F79EFBC}") = "Lecture01", "Lecture01\Lecture01.csproj", "{33CD5248-190D-488B-8668-536923520378}"
EndProject
Project("{FAE04EC0-301F-11D3-BF4B-00C04F79EFBC}") = "Lecture01.Tests", "Lecture01.Tests\Lecture01.Tests.csproj", "{9787C3EC-544C-40DA-B330-D047B29C589D}"
EndProject
Global
	GlobalSection(SolutionConfigurationPlatforms) = preSolution
		Debug|Any CPU = Debug|Any CPU
		Debug|x64 = Debug|x64
		Debug|x86 = Debug|x86
		Release|Any CPU = Release|Any CPU
		Release|x64 = Release|x64
		Release|x86 = Release|x86
	EndGlobalSection
	GlobalSection(SolutionProperties) = preSolution
		HideSolutionNode = FALSE
	EndGlobalSection
	GlobalSection(ProjectConfigurationPlatforms) = postSolution
		{33CD5248-190D-488B-8668-536923520378}.Debug|Any CPU.ActiveCfg = Debug|Any CPU
		{33CD5248-190D-488B-8668-536923520378}.Debug|Any CPU.Build.0 = Debug|Any CPU
		{33CD5248-190D-488B-8668-536923520378}.Debug|x64.ActiveCfg = Debug|Any CPU
		{33CD5248-190D-488B-8668-536923520378}.Debug|x64.Build.0 = Debug|Any CPU
		{33CD5248-190D-488B-8668-536923520378}.Debug|x86.ActiveCfg = Debug|Any CPU
		{33CD5248-190D-488B-8668-536923520378}.Debug|x86.Build.0 = Debug|Any CPU
		{33CD5248-190D-488B-8668-536923520378}.Release|Any CPU.ActiveCfg = Release|Any CPU
		{33CD5248-190D-488B-8668-536923520378}.Release|Any CPU.Build.0 = Release|Any CPU
		{33CD5248-190D-488B-8668-536923520378}.Release|x64.ActiveCfg = Release|Any CPU
		{33CD5248-190D-488B-8668-536923520378}.Release|x64.Build.0 = Release|Any CPU
		{33CD5248-190D-488B-8668-536923520378}.Release|x86.ActiveCfg = Release|Any CPU
		{33CD5248-190D-488B-8668-536923520378}.Release|x86.Build.0 = Release|Any CPU
		{9787C3EC-544C-40DA-B330-D047B29C589D}.Debug|Any CPU.ActiveCfg = Debug|Any CPU
		{9787C3EC-544C-40DA-B330-D047B29C589D}.Debug|Any CPU.Build.0 = Debug|Any CPU
		{9787C3EC-544C-40DA-B330-D047B29C589D}.Debug|x64.ActiveCfg = Debug|Any CPU
		{9787C3EC-544C-40DA-B330-D047B29C589D}.Debug|x64.Build.0 = Debug|Any CPU
		{9787C3EC-544C-40DA-B330-D047B29C589D}.Debug|x86.ActiveCfg = Debug|Any CPU
		{9787C3EC-544C-40DA-B330-D047B29C589D}.Debug|x86.Build.0 = Debug|Any CPU
		{9787C3EC-544C-40DA-B330-D047B29C589D}.Release|Any CPU.ActiveCfg = Release|Any CPU
		{9787C3EC-544C-40DA-B330-D047B29C589D}.Release|Any CPU.Build.0 = Release|Any CPU
		{9787C3EC-544C-40DA-B330-D047B29C589D}.Release|x64.ActiveCfg = Release|Any CPU
		{9787C3EC-544C-40DA-B330-D047B29C589D}.Release|x64.Build.0 = Release|Any CPU
		{9787C3EC-544C-40DA-B330-D047B29C589D}.Release|x86.ActiveCfg = Release|Any CPU
		{9787C3EC-544C-40DA-B330-D047B29C589D}.Release|x86.Build.0 = Release|Any CPU
	EndGlobalSection
EndGlobal
